# This file is machine-generated by `gh actions-lock`.
# Do not edit by hand; run `gh actions-lock` to update.
# Docs: https://gh.io/actions-lockfile
version: 'v0.0.2'
workflows:
    '.github/workflows/abi-drift.yml':
        - 'actions/cache@v4.2.2'
        - 'actions/checkout@v6.0.2'
        - 'dtolnay/rust-toolchain@v1'
    '.github/workflows/backend-assurance.yml':
        - 'actions/cache@v4.2.2'
        - 'actions/checkout@v6.0.2'
        - 'erlef/setup-beam@v1.24.0'
    '.github/workflows/build.yml':
        - 'actions/checkout@v4.3.1'
        - 'sonarsource/sonarqube-scan-action@v8.1.0'
    '.github/workflows/codeql.yml':
        - 'actions/checkout@v6.0.2'
        - 'github/codeql-action@v4.34.0'
    '.github/workflows/container-publish.yml':
        - 'actions/attest-build-provenance@v2.4.0'
        - 'actions/checkout@v6.0.2'
    '.github/workflows/dogfood-gate.yml':
        - 'actions/checkout@v6.0.2'
    '.github/workflows/e2e.yml':
        - 'actions/checkout@v6.0.2'
        - 'actions/github-script@v8.0.0'
        - 'actions/setup-node@v4.4.0'
        - 'actions/upload-artifact@v4.6.2'
        - 'denoland/setup-deno@v2.0.4'
        - 'erlef/setup-beam@v1.24.0'
        - 'mlugg/setup-zig@v2.2.1'
        - 'oven-sh/setup-bun@v2.2.0'
    '.github/workflows/fuzz.yml':
        - 'actions/checkout@v6.0.2'
        - 'mlugg/setup-zig@v2.2.1'
    '.github/workflows/governance.yml': []
    '.github/workflows/hcg-surface-drift.yml':
        - 'actions/checkout@v6.0.2'
    '.github/workflows/hypatia-scan.yml':
        - 'actions/checkout@v6.0.2'
        - 'actions/github-script@v8.0.0'
        - 'actions/upload-artifact@v4.6.2'
        - 'erlef/setup-beam@v1.24.0'
        - 'github/codeql-action@v4.32.6'
    '.github/workflows/instant-sync.yml':
        - 'peter-evans/repository-dispatch@v3.0.0'
    '.github/workflows/label-triage.yml': []
    '.github/workflows/labels.yml': []
    '.github/workflows/lsp-dap-bsp.yml':
        - 'actions/checkout@v6.0.2'
        - 'mlugg/setup-zig@v2.2.1'
    '.github/workflows/mirror.yml': []
    '.github/workflows/pages-deploy.yml':
        - 'actions/checkout@v4.4.0'
    '.github/workflows/pages.yml':
        - 'actions/checkout@v4.4.0'
        - 'actions/deploy-pages@v4.0.5'
        - 'actions/upload-pages-artifact@v3.0.1'
    '.github/workflows/proofs.yml':
        - 'actions/cache@v4.2.2'
        - 'actions/checkout@v6.0.2'
    '.github/workflows/publish.yml':
        - 'actions/checkout@v6.0.2'
        - 'actions/setup-node@v4.4.0'
        - 'denoland/setup-deno@v2.0.4'
    '.github/workflows/push-email-notify.yml':
        - 'hyperpolymath/smtp-notify-action@v0.1.0'
    '.github/workflows/readme-derive.yml': []
    '.github/workflows/release.yml':
        - 'actions/checkout@v6.0.2'
        - 'actions/download-artifact@v4.2.1'
        - 'actions/upload-artifact@v4.6.2'
        - 'mlugg/setup-zig@v2.2.1'
        - 'softprops/action-gh-release@v2.6.2'
    '.github/workflows/scorecard.yml': []
    '.github/workflows/secret-scanner.yml': []
    '.github/workflows/truthfulness.yml':
        - 'actions/checkout@v6.0.2'
        - 'mlugg/setup-zig@v2.2.1'
    '.github/workflows/zig-test.yml':
        - 'actions/checkout@v6.0.2'
        - 'mlugg/setup-zig@v2.2.1'
dependencies:
    'actions/attest-build-provenance@1176ef556905f349f669722abf30bce1a6e16e01':
        ref: 'predicate@1.1.5'
        commit: 'sha1-1176ef556905f349f669722abf30bce1a6e16e01'
        owner_id: 44036562
        repo_id: 760702757
    'actions/attest-build-provenance@v2.4.0':
        ref: 'v2.4.0'
        commit: 'sha1-e8998f949152b193b063cb0ec769d69d929409be'
        owner_id: 44036562
        repo_id: 760702757
        uses:
            - 'actions/attest-build-provenance@1176ef556905f349f669722abf30bce1a6e16e01'
            - 'actions/attest@ce27ba3b4a9a139d9a20a4a07d69fabb52f1e5bc'
    'actions/attest@ce27ba3b4a9a139d9a20a4a07d69fabb52f1e5bc':
        ref: 'v2.4.0'
        commit: 'sha1-ce27ba3b4a9a139d9a20a4a07d69fabb52f1e5bc'
        owner_id: 44036562
        repo_id: 760701061
    'actions/cache@v4.2.2':
        ref: 'v4.2.2'
        commit: 'sha1-d4323d4df104b026a6aa633fdb11d772146be0bf'
        owner_id: 44036562
        repo_id: 215566462
    'actions/checkout@v4.3.1':
        ref: 'v4.3.1'
        commit: 'sha1-34e114876b0b11c390a56381ad16ebd13914f8d5'
        owner_id: 44036562
        repo_id: 197814629
    'actions/checkout@v4.4.0':
        ref: 'v4.4.0'
        commit: 'sha1-11d5960a326750d5838078e36cf38b85af677262'
        owner_id: 44036562
        repo_id: 197814629
    'actions/checkout@v6.0.2':
        ref: 'v6.0.2'
        commit: 'sha1-de0fac2e4500dabe0009e67214ff5f5447ce83dd'
        owner_id: 44036562
        repo_id: 197814629
    'actions/deploy-pages@v4.0.5':
        ref: 'v4.0.5'
        commit: 'sha1-d6db90164ac5ed86f2b6aed7e0febac5b3c0c03e'
        owner_id: 44036562
        repo_id: 438112499
    'actions/download-artifact@v4.2.1':
        ref: 'v4.2.1'
        commit: 'sha1-95815c38cf2ff2164869cbab79da8d1f422bc89e'
        owner_id: 44036562
        repo_id: 192626254
    'actions/github-script@v8.0.0':
        ref: 'v8.0.0'
        commit: 'sha1-ed597411d8f924073f98dfc5c65a23a2325f34cd'
        owner_id: 44036562
        repo_id: 205262760
    'actions/setup-node@v4.4.0':
        ref: 'v4.4.0'
        commit: 'sha1-49933ea5288caeca8642d1e84afbd3f7d6820020'
        owner_id: 44036562
        repo_id: 189476904
    'actions/upload-artifact@v4':
        ref: 'v4'
        commit: 'sha1-ea165f8d65b6e75b540449e92b4886f43607fa02'
        owner_id: 44036562
        repo_id: 192625955
    'actions/upload-artifact@v4.6.2':
        ref: 'v4.6.2'
        commit: 'sha1-ea165f8d65b6e75b540449e92b4886f43607fa02'
        owner_id: 44036562
        repo_id: 192625955
    'actions/upload-pages-artifact@v3.0.1':
        ref: 'v3.0.1'
        commit: 'sha1-56afc609e74202658d3ffba0e8f6dda462b719fa'
        owner_id: 44036562
        repo_id: 496012378
        uses:
            - 'actions/upload-artifact@v4'
    'denoland/setup-deno@v2.0.4':
        ref: 'v2.0.4'
        commit: 'sha1-667a34cdef165d8d2b2e98dde39547c9daac7282'
        owner_id: 42048915
        repo_id: 356423100
    'dtolnay/rust-toolchain@v1':
        ref: 'v1'
        commit: 'sha1-6c977a6ca4077a0ceb28ffbe03f59d46e9ac8772'
        owner_id: 1940490
        repo_id: 260749683
    'erlef/setup-beam@v1.24.0':
        ref: 'v1.24.0'
        commit: 'sha1-fc68ffb90438ef2936bbb3251622353b3dcb2f93'
        owner_id: 47606891
        repo_id: 331103973
    'github/codeql-action@v4.32.6':
        ref: 'v4.32.6'
        commit: 'sha1-0d579ffd059c29b07949a3cce3983f0780820c98'
        owner_id: 9919
        repo_id: 259445878
    'github/codeql-action@v4.34.0':
        ref: 'v4.34.0'
        commit: 'sha1-c6f931105cb2c34c8f901cc885ba1e2e259cf745'
        owner_id: 9919
        repo_id: 259445878
    'hyperpolymath/smtp-notify-action@v0.1.0':
        ref: 'v0.1.0'
        commit: 'sha1-1b3b752d39a4fe4c0f28f10905e4608789d3e050'
        owner_id: 6759885
        repo_id: 1352485172
    'mlugg/setup-zig@v2.2.1':
        ref: 'v2.2.1'
        commit: 'sha1-d1434d08867e3ee9daa34448df10607b98908d29'
        owner_id: 7289241
        repo_id: 812112570
    'oven-sh/setup-bun@v2.2.0':
        ref: 'v2.2.0'
        commit: 'sha1-0c5077e51419868618aeaa5fe8019c62421857d6'
        owner_id: 108928776
        repo_id: 512644635
    'peter-evans/repository-dispatch@v3.0.0':
        ref: 'v3.0.0'
        commit: 'sha1-ff45666b9427631e3450c54a1bcbee4d9ff4d7c0'
        owner_id: 18365890
        repo_id: 220359305
    'softprops/action-gh-release@v2.6.2':
        ref: 'v2.6.2'
        commit: 'sha1-3bb12739c298aeb8a4eeaf626c5b8d85266b0e65'
        owner_id: 2242
        repo_id: 204253808
    'sonarsource/sonarqube-scan-action@v8.1.0':
        ref: 'v8.1.0'
        commit: 'sha1-7006c4492b2e0ee0f816d36501671557c97f5995'
        owner_id: 545988
        repo_id: 366408409
